
Microsoft Visual Studio Solution File, Format Version 12.00
# Visual Studio Version 17
VisualStudioVersion = 17.2.32616.157
MinimumVisualStudioVersion = 10.0.40219.1
Project("{9A19103F-16F7-4668-BE54-9A1E7A4F7556}") = "Spring Systems", "Spring Systems\Spring Systems.csproj", "{D979024A-85B6-4801-9A71-B75720D5C473}"
EndProject
Project("{9A19103F-16F7-4668-BE54-9A1E7A4F7556}") = "Spring.Domain", "Spring.Domain\Spring.Domain.csproj", "{EE70B2E6-6C5B-438A-8286-28CD885A9033}"
EndProject
Project("{9A19103F-16F7-4668-BE54-9A1E7A4F7556}") = "Spring.Application", "Spring.Application\Spring.Application.csproj", "{4CE075C5-EC9D-4065-8793-BC9D14DEB45E}"
EndProject
Project("{9A19103F-16F7-4668-BE54-9A1E7A4F7556}") = "Spring.Infrastructure", "Spring.Infrastructure\Spring.Infrastructure.csproj", "{507259DC-EAEF-4CF8-91FD-B0237A753048}"
EndProject
Project("{9A19103F-16F7-4668-BE54-9A1E7A4F7556}") = "Spring.UnitTests", "Spring.UnitTests\Spring.UnitTests.csproj", "{8CD849D7-5192-443E-9F88-FB4A64B6EF63}"
EndProject
Global
	GlobalSection(SolutionConfigurationPlatforms) = preSolution
		Debug|Any CPU = Debug|Any CPU
		Release|Any CPU = Release|Any CPU
	EndGlobalSection
	GlobalSection(ProjectConfigurationPlatforms) = postSolution
		{D979024A-85B6-4801-9A71-B75720D5C473}.Debug|Any CPU.ActiveCfg = Debug|Any CPU
		{D979024A-85B6-4801-9A71-B75720D5C473}.Debug|Any CPU.Build.0 = Debug|Any CPU
		{D979024A-85B6-4801-9A71-B75720D5C473}.Release|Any CPU.ActiveCfg = Release|Any CPU
		{D979024A-85B6-4801-9A71-B75720D5C473}.Release|Any CPU.Build.0 = Release|Any CPU
		{EE70B2E6-6C5B-438A-8286-28CD885A9033}.Debug|Any CPU.ActiveCfg = Debug|Any CPU
		{EE70B2E6-6C5B-438A-8286-28CD885A9033}.Debug|Any CPU.Build.0 = Debug|Any CPU
		{EE70B2E6-6C5B-438A-8286-28CD885A9033}.Release|Any CPU.ActiveCfg = Release|Any CPU
		{EE70B2E6-6C5B-438A-8286-28CD885A9033}.Release|Any CPU.Build.0 = Release|Any CPU
		{4CE075C5-EC9D-4065-8793-BC9D14DEB45E}.Debug|Any CPU.ActiveCfg = Debug|Any CPU
		{4CE075C5-EC9D-4065-8793-BC9D14DEB45E}.Debug|Any CPU.Build.0 = Debug|Any CPU
		{4CE075C5-EC9D-4065-8793-BC9D14DEB45E}.Release|Any CPU.ActiveCfg = Release|Any CPU
		{4CE075C5-EC9D-4065-8793-BC9D14DEB45E}.Release|Any CPU.Build.0 = Release|Any CPU
		{507259DC-EAEF-4CF8-91FD-B0237A753048}.Debug|Any CPU.ActiveCfg = Debug|Any CPU
		{507259DC-EAEF-4CF8-91FD-B0237A753048}.Debug|Any CPU.Build.0 = Debug|Any CPU
		{507259DC-EAEF-4CF8-91FD-B0237A753048}.Release|Any CPU.ActiveCfg = Release|Any CPU
		{507259DC-EAEF-4CF8-91FD-B0237A753048}.Release|Any CPU.Build.0 = Release|Any CPU
		{8CD849D7-5192-443E-9F88-FB4A64B6EF63}.Debug|Any CPU.ActiveCfg = Debug|Any CPU
		{8CD849D7-5192-443E-9F88-FB4A64B6EF63}.Debug|Any CPU.Build.0 = Debug|Any CPU
		{8CD849D7-5192-443E-9F88-FB4A64B6EF63}.Release|Any CPU.ActiveCfg = Release|Any CPU
		{8CD849D7-5192-443E-9F88-FB4A64B6EF63}.Release|Any CPU.Build.0 = Release|Any CPU
	EndGlobalSection
	GlobalSection(SolutionProperties) = preSolution
		HideSolutionNode = FALSE
	EndGlobalSection
	GlobalSection(ExtensibilityGlobals) = postSolution
		SolutionGuid = {AC30B123-D8E0-4CAC-8D3D-6E237C91510C}
	EndGlobalSection
EndGlobal
